
Microsoft Visual Studio Solution File, Format Version 12.00
# Visual Studio Version 17
VisualStudioVersion = 17.14.36401.2 d17.14
MinimumVisualStudioVersion = 10.0.40219.1
Project("{FAE04EC0-301F-11D3-BF4B-00C04F79EFBC}") = "ThreadExceptions", "ThreadExceptions.csproj", "{B866DB38-E617-4CBE-BF4D-9476CCFF4163}"
EndProject
Project("{FAE04EC0-301F-11D3-BF4B-00C04F79EFBC}") = "CancellingThreads", "..\CancellingThreads\CancellingThreads.csproj", "{FBD967C6-724C-4BC0-B58A-27A9A6F95BB2}"
EndProject
Project("{FAE04EC0-301F-11D3-BF4B-00C04F79EFBC}") = "WordAnalyzer", "..\WordAnalyzer\WordAnalyzer.csproj", "{A7124AC6-ABAE-4043-9E3D-EC0CF7AE5CE1}"
EndProject
Project("{FAE04EC0-301F-11D3-BF4B-00C04F79EFBC}") = "BreakingWork", "..\BreakingWork\BreakingWork.csproj", "{23E4912E-C441-4B3E-B764-176888FEB6F9}"
EndProject
Project("{FAE04EC0-301F-11D3-BF4B-00C04F79EFBC}") = "RaceCondition", "..\RaceCondition\RaceCondition.csproj", "{A06AE72A-0B11-4481-88F9-C1CBB092C47D}"
EndProject
Project("{FAE04EC0-301F-11D3-BF4B-00C04F79EFBC}") = "RaceConditionCont", "..\RaceConditionCont\RaceConditionCont.csproj", "{D774998E-DC96-4E90-8CBC-A21B5110FCAE}"
EndProject
Global
	GlobalSection(SolutionConfigurationPlatforms) = preSolution
		Debug|Any CPU = Debug|Any CPU
		Release|Any CPU = Release|Any CPU
	EndGlobalSection
	GlobalSection(ProjectConfigurationPlatforms) = postSolution
		{B866DB38-E617-4CBE-BF4D-9476CCFF4163}.Debug|Any CPU.ActiveCfg = Debug|Any CPU
		{B866DB38-E617-4CBE-BF4D-9476CCFF4163}.Debug|Any CPU.Build.0 = Debug|Any CPU
		{B866DB38-E617-4CBE-BF4D-9476CCFF4163}.Release|Any CPU.ActiveCfg = Release|Any CPU
		{B866DB38-E617-4CBE-BF4D-9476CCFF4163}.Release|Any CPU.Build.0 = Release|Any CPU
		{FBD967C6-724C-4BC0-B58A-27A9A6F95BB2}.Debug|Any CPU.ActiveCfg = Debug|Any CPU
		{FBD967C6-724C-4BC0-B58A-27A9A6F95BB2}.Debug|Any CPU.Build.0 = Debug|Any CPU
		{FBD967C6-724C-4BC0-B58A-27A9A6F95BB2}.Release|Any CPU.ActiveCfg = Release|Any CPU
		{FBD967C6-724C-4BC0-B58A-27A9A6F95BB2}.Release|Any CPU.Build.0 = Release|Any CPU
		{A7124AC6-ABAE-4043-9E3D-EC0CF7AE5CE1}.Debug|Any CPU.ActiveCfg = Debug|Any CPU
		{A7124AC6-ABAE-4043-9E3D-EC0CF7AE5CE1}.Debug|Any CPU.Build.0 = Debug|Any CPU
		{A7124AC6-ABAE-4043-9E3D-EC0CF7AE5CE1}.Release|Any CPU.ActiveCfg = Release|Any CPU
		{A7124AC6-ABAE-4043-9E3D-EC0CF7AE5CE1}.Release|Any CPU.Build.0 = Release|Any CPU
		{23E4912E-C441-4B3E-B764-176888FEB6F9}.Debug|Any CPU.ActiveCfg = Debug|Any CPU
		{23E4912E-C441-4B3E-B764-176888FEB6F9}.Debug|Any CPU.Build.0 = Debug|Any CPU
		{23E4912E-C441-4B3E-B764-176888FEB6F9}.Release|Any CPU.ActiveCfg = Release|Any CPU
		{23E4912E-C441-4B3E-B764-176888FEB6F9}.Release|Any CPU.Build.0 = Release|Any CPU
		{A06AE72A-0B11-4481-88F9-C1CBB092C47D}.Debug|Any CPU.ActiveCfg = Debug|Any CPU
		{A06AE72A-0B11-4481-88F9-C1CBB092C47D}.Debug|Any CPU.Build.0 = Debug|Any CPU
		{A06AE72A-0B11-4481-88F9-C1CBB092C47D}.Release|Any CPU.ActiveCfg = Release|Any CPU
		{A06AE72A-0B11-4481-88F9-C1CBB092C47D}.Release|Any CPU.Build.0 = Release|Any CPU
		{D774998E-DC96-4E90-8CBC-A21B5110FCAE}.Debug|Any CPU.ActiveCfg = Debug|Any CPU
		{D774998E-DC96-4E90-8CBC-A21B5110FCAE}.Debug|Any CPU.Build.0 = Debug|Any CPU
		{D774998E-DC96-4E90-8CBC-A21B5110FCAE}.Release|Any CPU.ActiveCfg = Release|Any CPU
		{D774998E-DC96-4E90-8CBC-A21B5110FCAE}.Release|Any CPU.Build.0 = Release|Any CPU
	EndGlobalSection
	GlobalSection(SolutionProperties) = preSolution
		HideSolutionNode = FALSE
	EndGlobalSection
	GlobalSection(ExtensibilityGlobals) = postSolution
		SolutionGuid = {A96C2A17-4E5D-4788-B3FE-9FF7143236C3}
	EndGlobalSection
EndGlobal
